
Microsoft Visual Studio Solution File, Format Version 12.00
# Visual Studio 15
VisualStudioVersion = 15.0.28010.2003
MinimumVisualStudioVersion = 10.0.40219.1
Project("{9A19103F-16F7-4668-BE54-9A1E7A4F7556}") = "Tel.Egram", "src\Tel.Egram\Tel.Egram.csproj", "{9E350FAF-4C2D-4E47-B6A7-FBBB72450418}"
EndProject
Project("{2150E333-8FDC-42A3-9474-1A3956D46DE8}") = "src", "src", "{767B3FCF-751E-46FC-AF59-0949BA90EB74}"
EndProject
Global
	GlobalSection(SolutionConfigurationPlatforms) = preSolution
		Debug|Any CPU = Debug|Any CPU
		Release|Any CPU = Release|Any CPU
	EndGlobalSection
	GlobalSection(ProjectConfigurationPlatforms) = postSolution
		{9E350FAF-4C2D-4E47-B6A7-FBBB72450418}.Debug|Any CPU.ActiveCfg = Debug|Any CPU
		{9E350FAF-4C2D-4E47-B6A7-FBBB72450418}.Debug|Any CPU.Build.0 = Debug|Any CPU
		{9E350FAF-4C2D-4E47-B6A7-FBBB72450418}.Release|Any CPU.ActiveCfg = Release|Any CPU
		{9E350FAF-4C2D-4E47-B6A7-FBBB72450418}.Release|Any CPU.Build.0 = Release|Any CPU
	EndGlobalSection
	GlobalSection(SolutionProperties) = preSolution
		HideSolutionNode = FALSE
	EndGlobalSection
	GlobalSection(NestedProjects) = preSolution
		{9E350FAF-4C2D-4E47-B6A7-FBBB72450418} = {767B3FCF-751E-46FC-AF59-0949BA90EB74}
	EndGlobalSection
	GlobalSection(ExtensibilityGlobals) = postSolution
		SolutionGuid = {3D35C07F-9F13-4E04-A5E0-36C92839CCD3}
	EndGlobalSection
EndGlobal
